// !$*UTF8*$!
{
	archiveVersion = 1;
	classes = {
	};
	objectVersion = 56;
	objects = {

/* Begin PBXBuildFile section */
		3DF7D5F72C34675B00C950AD /* AppDelegate.swift in Sources */ = {isa = PBXBuildFile; fileRef = 3DF7D5F62C34675B00C950AD /* AppDelegate.swift */; };
		3DF7D5F92C34675B00C950AD /* SceneDelegate.swift in Sources */ = {isa = PBXBuildFile; fileRef = 3DF7D5F82C34675B00C950AD /* SceneDelegate.swift */; };
		3DF7D6012C34675B00C950AD /* cryptoApp_TurkcellGY.xcdatamodeld in Sources */ = {isa = PBXBuildFile; fileRef = 3DF7D5FF2C34675B00C950AD /* cryptoApp_TurkcellGY.xcdatamodeld */; };
		3DF7D6032C34675D00C950AD /* Assets.xcassets in Resources */ = {isa = PBXBuildFile; fileRef = 3DF7D6022C34675D00C950AD /* Assets.xcassets */; };
		3DF7D6062C34675D00C950AD /* LaunchScreen.storyboard in Resources */ = {isa = PBXBuildFile; fileRef = 3DF7D6042C34675D00C950AD /* LaunchScreen.storyboard */; };
		3DF7D60F2C34688200C950AD /* HomeViewController.swift in Sources */ = {isa = PBXBuildFile; fileRef = 3DF7D60E2C34688200C950AD /* HomeViewController.swift */; };
		3DF7D6182C34697800C950AD /* NetworkConstants.swift in Sources */ = {isa = PBXBuildFile; fileRef = 3DF7D6172C34697800C950AD /* NetworkConstants.swift */; };
		3DF7D61A2C3469DB00C950AD /* NetworkEndPointHelper.swift in Sources */ = {isa = PBXBuildFile; fileRef = 3DF7D6192C3469DB00C950AD /* NetworkEndPointHelper.swift */; };
		3DF7D61C2C346A3D00C950AD /* NetworkManager.swift in Sources */ = {isa = PBXBuildFile; fileRef = 3DF7D61B2C346A3D00C950AD /* NetworkManager.swift */; };
		3DF7D61F2C346A5F00C950AD /* Alamofire in Frameworks */ = {isa = PBXBuildFile; productRef = 3DF7D61E2C346A5F00C950AD /* Alamofire */; };
		3DF7D6212C346BC100C950AD /* CryptoResponse.swift in Sources */ = {isa = PBXBuildFile; fileRef = 3DF7D6202C346BC100C950AD /* CryptoResponse.swift */; };
		3DF7D6232C346C2E00C950AD /* CoinService.swift in Sources */ = {isa = PBXBuildFile; fileRef = 3DF7D6222C346C2E00C950AD /* CoinService.swift */; };
		3DF7D6252C346CD700C950AD /* NetworkService.swift in Sources */ = {isa = PBXBuildFile; fileRef = 3DF7D6242C346CD700C950AD /* NetworkService.swift */; };
		3DF7D62C2C3472AF00C950AD /* HomeView.swift in Sources */ = {isa = PBXBuildFile; fileRef = 3DF7D62B2C3472AF00C950AD /* HomeView.swift */; };
		3DF7D6302C3580C600C950AD /* CryptoCategoryModel.swift in Sources */ = {isa = PBXBuildFile; fileRef = 3DF7D62F2C3580C600C950AD /* CryptoCategoryModel.swift */; };
		3DF7D6322C3580E300C950AD /* HomeViewModel.swift in Sources */ = {isa = PBXBuildFile; fileRef = 3DF7D6312C3580E300C950AD /* HomeViewModel.swift */; };
		3DF7D6342C3583CD00C950AD /* CryptoCategoryCollectionViewCell.swift in Sources */ = {isa = PBXBuildFile; fileRef = 3DF7D6332C3583CD00C950AD /* CryptoCategoryCollectionViewCell.swift */; };
		3DF7D6362C359C2800C950AD /* CryptoListCollectionViewCell.swift in Sources */ = {isa = PBXBuildFile; fileRef = 3DF7D6352C359C2800C950AD /* CryptoListCollectionViewCell.swift */; };
		3DF7D63E2C35CEC900C950AD /* Kingfisher in Frameworks */ = {isa = PBXBuildFile; productRef = 3DF7D63D2C35CEC900C950AD /* Kingfisher */; };
		3DF7D6452C36D44E00C950AD /* DetailView.swift in Sources */ = {isa = PBXBuildFile; fileRef = 3DF7D6442C36D44E00C950AD /* DetailView.swift */; };
		3DF7D6472C36D47E00C950AD /* DetailViewModel.swift in Sources */ = {isa = PBXBuildFile; fileRef = 3DF7D6462C36D47E00C950AD /* DetailViewModel.swift */; };
		3DF7D6492C36D49400C950AD /* DetailViewController.swift in Sources */ = {isa = PBXBuildFile; fileRef = 3DF7D6482C36D49400C950AD /* DetailViewController.swift */; };
		3DF7D6512C36EC4D00C950AD /* DGCharts in Frameworks */ = {isa = PBXBuildFile; productRef = 3DF7D6502C36EC4D00C950AD /* DGCharts */; };
		3DF7D6542C36EEDB00C950AD /* NavigationBarExtansion.swift in Sources */ = {isa = PBXBuildFile; fileRef = 3DF7D6532C36EEDB00C950AD /* NavigationBarExtansion.swift */; };
/* End PBXBuildFile section */

/* Begin PBXFileReference section */
		3DF7D5F32C34675B00C950AD /* cryptoApp-TurkcellGY.app */ = {isa = PBXFileReference; explicitFileType = wrapper.application; includeInIndex = 0; path = "cryptoApp-TurkcellGY.app"; sourceTree = BUILT_PRODUCTS_DIR; };
		3DF7D5F62C34675B00C950AD /* AppDelegate.swift */ = {isa = PBXFileReference; lastKnownFileType = sourcecode.swift; path = AppDelegate.swift; sourceTree = "<group>"; };
		3DF7D5F82C34675B00C950AD /* SceneDelegate.swift */ = {isa = PBXFileReference; lastKnownFileType = sourcecode.swift; path = SceneDelegate.swift; sourceTree = "<group>"; };
		3DF7D6002C34675B00C950AD /* cryptoApp_TurkcellGY.xcdatamodel */ = {isa = PBXFileReference; lastKnownFileType = wrapper.xcdatamodel; path = cryptoApp_TurkcellGY.xcdatamodel; sourceTree = "<group>"; };
		3DF7D6022C34675D00C950AD /* Assets.xcassets */ = {isa = PBXFileReference; lastKnownFileType = folder.assetcatalog; path = Assets.xcassets; sourceTree = "<group>"; };
		3DF7D6052C34675D00C950AD /* Base */ = {isa = PBXFileReference; lastKnownFileType = file.storyboard; name = Base; path = Base.lproj/LaunchScreen.storyboard; sourceTree = "<group>"; };
		3DF7D6072C34675D00C950AD /* Info.plist */ = {isa = PBXFileReference; lastKnownFileType = text.plist.xml; path = Info.plist; sourceTree = "<group>"; };
		3DF7D60E2C34688200C950AD /* HomeViewController.swift */ = {isa = PBXFileReference; lastKnownFileType = sourcecode.swift; path = HomeViewController.swift; sourceTree = "<group>"; };
		3DF7D6172C34697800C950AD /* NetworkConstants.swift */ = {isa = PBXFileReference; lastKnownFileType = sourcecode.swift; path = NetworkConstants.swift; sourceTree = "<group>"; };
		3DF7D6192C3469DB00C950AD /* NetworkEndPointHelper.swift */ = {isa = PBXFileReference; lastKnownFileType = sourcecode.swift; path = NetworkEndPointHelper.swift; sourceTree = "<group>"; };
		3DF7D61B2C346A3D00C950AD /* NetworkManager.swift */ = {isa = PBXFileReference; lastKnownFileType = sourcecode.swift; path = NetworkManager.swift; sourceTree = "<group>"; };
		3DF7D6202C346BC100C950AD /* CryptoResponse.swift */ = {isa = PBXFileReference; lastKnownFileType = sourcecode.swift; path = CryptoResponse.swift; sourceTree = "<group>"; };
		3DF7D6222C346C2E00C950AD /* CoinService.swift */ = {isa = PBXFileReference; lastKnownFileType = sourcecode.swift; path = CoinService.swift; sourceTree = "<group>"; };
		3DF7D6242C346CD700C950AD /* NetworkService.swift */ = {isa = PBXFileReference; lastKnownFileType = sourcecode.swift; path = NetworkService.swift; sourceTree = "<group>"; };
		3DF7D62B2C3472AF00C950AD /* HomeView.swift */ = {isa = PBXFileReference; lastKnownFileType = sourcecode.swift; path = HomeView.swift; sourceTree = "<group>"; };
		3DF7D62F2C3580C600C950AD /* CryptoCategoryModel.swift */ = {isa = PBXFileReference; lastKnownFileType = sourcecode.swift; path = CryptoCategoryModel.swift; sourceTree = "<group>"; };
		3DF7D6312C3580E300C950AD /* HomeViewModel.swift */ = {isa = PBXFileReference; lastKnownFileType = sourcecode.swift; path = HomeViewModel.swift; sourceTree = "<group>"; };
		3DF7D6332C3583CD00C950AD /* CryptoCategoryCollectionViewCell.swift */ = {isa = PBXFileReference; lastKnownFileType = sourcecode.swift; path = CryptoCategoryCollectionViewCell.swift; sourceTree = "<group>"; };
		3DF7D6352C359C2800C950AD /* CryptoListCollectionViewCell.swift */ = {isa = PBXFileReference; lastKnownFileType = sourcecode.swift; path = CryptoListCollectionViewCell.swift; sourceTree = "<group>"; };
		3DF7D6442C36D44E00C950AD /* DetailView.swift */ = {isa = PBXFileReference; lastKnownFileType = sourcecode.swift; path = DetailView.swift; sourceTree = "<group>"; };
		3DF7D6462C36D47E00C950AD /* DetailViewModel.swift */ = {isa = PBXFileReference; lastKnownFileType = sourcecode.swift; path = DetailViewModel.swift; sourceTree = "<group>"; };
		3DF7D6482C36D49400C950AD /* DetailViewController.swift */ = {isa = PBXFileReference; lastKnownFileType = sourcecode.swift; path = DetailViewController.swift; sourceTree = "<group>"; };
		3DF7D6532C36EEDB00C950AD /* NavigationBarExtansion.swift */ = {isa = PBXFileReference; lastKnownFileType = sourcecode.swift; path = NavigationBarExtansion.swift; sourceTree = "<group>"; };
/* End PBXFileReference section */

/* Begin PBXFrameworksBuildPhase section */
		3DF7D5F02C34675B00C950AD /* Frameworks */ = {
			isa = PBXFrameworksBuildPhase;
			buildActionMask = 2147483647;
			files = (
				3DF7D63E2C35CEC900C950AD /* Kingfisher in Frameworks */,
				3DF7D6512C36EC4D00C950AD /* DGCharts in Frameworks */,
				3DF7D61F2C346A5F00C950AD /* Alamofire in Frameworks */,
			);
			runOnlyForDeploymentPostprocessing = 0;
		};
/* End PBXFrameworksBuildPhase section */

/* Begin PBXGroup section */
		3DF7D5EA2C34675B00C950AD = {
			isa = PBXGroup;
			children = (
				3DF7D5F52C34675B00C950AD /* cryptoApp-TurkcellGY */,
				3DF7D5F42C34675B00C950AD /* Products */,
			);
			sourceTree = "<group>";
		};
		3DF7D5F42C34675B00C950AD /* Products */ = {
			isa = PBXGroup;
			children = (
				3DF7D5F32C34675B00C950AD /* cryptoApp-TurkcellGY.app */,
			);
			name = Products;
			sourceTree = "<group>";
		};
		3DF7D5F52C34675B00C950AD /* cryptoApp-TurkcellGY */ = {
			isa = PBXGroup;
			children = (
				3DF7D6522C36EEBA00C950AD /* Extension+UIView */,
				3DF7D6112C34693400C950AD /* Scene */,
				3DF7D6102C3468D000C950AD /* NetworkLayer */,
				3DF7D60D2C34677200C950AD /* App */,
			);
			path = "cryptoApp-TurkcellGY";
			sourceTree = "<group>";
		};
		3DF7D60D2C34677200C950AD /* App */ = {
			isa = PBXGroup;
			children = (
				3DF7D5F62C34675B00C950AD /* AppDelegate.swift */,
				3DF7D5F82C34675B00C950AD /* SceneDelegate.swift */,
				3DF7D6022C34675D00C950AD /* Assets.xcassets */,
				3DF7D6042C34675D00C950AD /* LaunchScreen.storyboard */,
				3DF7D6072C34675D00C950AD /* Info.plist */,
				3DF7D5FF2C34675B00C950AD /* cryptoApp_TurkcellGY.xcdatamodeld */,
			);
			path = App;
			sourceTree = "<group>";
		};
		3DF7D6102C3468D000C950AD /* NetworkLayer */ = {
			isa = PBXGroup;
			children = (
				3DF7D6162C34695900C950AD /* Service */,
				3DF7D6152C34695100C950AD /* Response */,
				3DF7D6142C34694C00C950AD /* Core */,
			);
			path = NetworkLayer;
			sourceTree = "<group>";
		};
		3DF7D6112C34693400C950AD /* Scene */ = {
			isa = PBXGroup;
			children = (
				3DF7D6372C35C3EE00C950AD /* Detail */,
				3DF7D6122C34693F00C950AD /* Home */,
			);
			path = Scene;
			sourceTree = "<group>";
		};
		3DF7D6122C34693F00C950AD /* Home */ = {
			isa = PBXGroup;
			children = (
				3DF7D6282C34728F00C950AD /* VeiwModel */,
				3DF7D6272C34728A00C950AD /* Model */,
				3DF7D6262C34728500C950AD /* View */,
				3DF7D6132C34694300C950AD /* Controller */,
			);
			path = Home;
			sourceTree = "<group>";
		};
		3DF7D6132C34694300C950AD /* Controller */ = {
			isa = PBXGroup;
			children = (
				3DF7D60E2C34688200C950AD /* HomeViewController.swift */,
			);
			path = Controller;
			sourceTree = "<group>";
		};
		3DF7D6142C34694C00C950AD /* Core */ = {
			isa = PBXGroup;
			children = (
				3DF7D6172C34697800C950AD /* NetworkConstants.swift */,
				3DF7D6192C3469DB00C950AD /* NetworkEndPointHelper.swift */,
				3DF7D61B2C346A3D00C950AD /* NetworkManager.swift */,
			);
			path = Core;
			sourceTree = "<group>";
		};
		3DF7D6152C34695100C950AD /* Response */ = {
			isa = PBXGroup;
			children = (
				3DF7D6202C346BC100C950AD /* CryptoResponse.swift */,
			);
			path = Response;
			sourceTree = "<group>";
		};
		3DF7D6162C34695900C950AD /* Service */ = {
			isa = PBXGroup;
			children = (
				3DF7D6222C346C2E00C950AD /* CoinService.swift */,
				3DF7D6242C346CD700C950AD /* NetworkService.swift */,
			);
			path = Service;
			sourceTree = "<group>";
		};
		3DF7D6262C34728500C950AD /* View */ = {
			isa = PBXGroup;
			children = (
				3DF7D62B2C3472AF00C950AD /* HomeView.swift */,
				3DF7D6332C3583CD00C950AD /* CryptoCategoryCollectionViewCell.swift */,
				3DF7D6352C359C2800C950AD /* CryptoListCollectionViewCell.swift */,
			);
			path = View;
			sourceTree = "<group>";
		};
		3DF7D6272C34728A00C950AD /* Model */ = {
			isa = PBXGroup;
			children = (
				3DF7D62F2C3580C600C950AD /* CryptoCategoryModel.swift */,
			);
			path = Model;
			sourceTree = "<group>";
		};
		3DF7D6282C34728F00C950AD /* VeiwModel */ = {
			isa = PBXGroup;
			children = (
				3DF7D6312C3580E300C950AD /* HomeViewModel.swift */,
			);
			path = VeiwModel;
			sourceTree = "<group>";
		};
		3DF7D6372C35C3EE00C950AD /* Detail */ = {
			isa = PBXGroup;
			children = (
				3DF7D63B2C35C40800C950AD /* Controller */,
				3DF7D63A2C35C40100C950AD /* Model */,
				3DF7D6392C35C3FB00C950AD /* ViewModel */,
				3DF7D6382C35C3F400C950AD /* View */,
			);
			path = Detail;
			sourceTree = "<group>";
		};
		3DF7D6382C35C3F400C950AD /* View */ = {
			isa = PBXGroup;
			children = (
				3DF7D6442C36D44E00C950AD /* DetailView.swift */,
			);
			path = View;
			sourceTree = "<group>";
		};
		3DF7D6392C35C3FB00C950AD /* ViewModel */ = {
			isa = PBXGroup;
			children = (
				3DF7D6462C36D47E00C950AD /* DetailViewModel.swift */,
			);
			path = ViewModel;
			sourceTree = "<group>";
		};
		3DF7D63A2C35C40100C950AD /* Model */ = {
			isa = PBXGroup;
			children = (
			);
			path = Model;
			sourceTree = "<group>";
		};
		3DF7D63B2C35C40800C950AD /* Controller */ = {
			isa = PBXGroup;
			children = (
				3DF7D6482C36D49400C950AD /* DetailViewController.swift */,
			);
			path = Controller;
			sourceTree = "<group>";
		};
		3DF7D6522C36EEBA00C950AD /* Extension+UIView */ = {
			isa = PBXGroup;
			children = (
				3DF7D6532C36EEDB00C950AD /* NavigationBarExtansion.swift */,
			);
			path = "Extension+UIView";
			sourceTree = "<group>";
		};
/* End PBXGroup section */

/* Begin PBXNativeTarget section */
		3DF7D5F22C34675B00C950AD /* cryptoApp-TurkcellGY */ = {
			isa = PBXNativeTarget;
			buildConfigurationList = 3DF7D60A2C34675D00C950AD /* Build configuration list for PBXNativeTarget "cryptoApp-TurkcellGY" */;
			buildPhases = (
				3DF7D5EF2C34675B00C950AD /* Sources */,
				3DF7D5F02C34675B00C950AD /* Frameworks */,
				3DF7D5F12C34675B00C950AD /* Resources */,
			);
			buildRules = (
			);
			dependencies = (
			);
			name = "cryptoApp-TurkcellGY";
			packageProductDependencies = (
				3DF7D61E2C346A5F00C950AD /* Alamofire */,
				3DF7D63D2C35CEC900C950AD /* Kingfisher */,
				3DF7D6502C36EC4D00C950AD /* DGCharts */,
			);
			productName = "cryptoApp-TurkcellGY";
			productReference = 3DF7D5F32C34675B00C950AD /* cryptoApp-TurkcellGY.app */;
			productType = "com.apple.product-type.application";
		};
/* End PBXNativeTarget section */

/* Begin PBXProject section */
		3DF7D5EB2C34675B00C950AD /* Project object */ = {
			isa = PBXProject;
			attributes = {
				BuildIndependentTargetsInParallel = 1;
				LastSwiftUpdateCheck = 1500;
				LastUpgradeCheck = 1500;
				TargetAttributes = {
					3DF7D5F22C34675B00C950AD = {
						CreatedOnToolsVersion = 15.0.1;
					};
				};
			};
			buildConfigurationList = 3DF7D5EE2C34675B00C950AD /* Build configuration list for PBXProject "cryptoApp-TurkcellGY" */;
			compatibilityVersion = "Xcode 14.0";
			developmentRegion = en;
			hasScannedForEncodings = 0;
			knownRegions = (
				en,
				Base,
			);
			mainGroup = 3DF7D5EA2C34675B00C950AD;
			packageReferences = (
				3DF7D61D2C346A5F00C950AD /* XCRemoteSwiftPackageReference "Alamofire" */,
				3DF7D63C2C35CEC900C950AD /* XCRemoteSwiftPackageReference "Kingfisher" */,
				3DF7D64F2C36EC4D00C950AD /* XCRemoteSwiftPackageReference "Charts" */,
			);
			productRefGroup = 3DF7D5F42C34675B00C950AD /* Products */;
			projectDirPath = "";
			projectRoot = "";
			targets = (
				3DF7D5F22C34675B00C950AD /* cryptoApp-TurkcellGY */,
			);
		};
/* End PBXProject section */

/* Begin PBXResourcesBuildPhase section */
		3DF7D5F12C34675B00C950AD /* Resources */ = {
			isa = PBXResourcesBuildPhase;
			buildActionMask = 2147483647;
			files = (
				3DF7D6062C34675D00C950AD /* LaunchScreen.storyboard in Resources */,
				3DF7D6032C34675D00C950AD /* Assets.xcassets in Resources */,
			);
			runOnlyForDeploymentPostprocessing = 0;
		};
/* End PBXResourcesBuildPhase section */

/* Begin PBXSourcesBuildPhase section */
		3DF7D5EF2C34675B00C950AD /* Sources */ = {
			isa = PBXSourcesBuildPhase;
			buildActionMask = 2147483647;
			files = (
				3DF7D6472C36D47E00C950AD /* DetailViewModel.swift in Sources */,
				3DF7D6252C346CD700C950AD /* NetworkService.swift in Sources */,
				3DF7D6012C34675B00C950AD /* cryptoApp_TurkcellGY.xcdatamodeld in Sources */,
				3DF7D6232C346C2E00C950AD /* CoinService.swift in Sources */,
				3DF7D5F72C34675B00C950AD /* AppDelegate.swift in Sources */,
				3DF7D6302C3580C600C950AD /* CryptoCategoryModel.swift in Sources */,
				3DF7D6342C3583CD00C950AD /* CryptoCategoryCollectionViewCell.swift in Sources */,
				3DF7D6182C34697800C950AD /* NetworkConstants.swift in Sources */,
				3DF7D62C2C3472AF00C950AD /* HomeView.swift in Sources */,
				3DF7D6492C36D49400C950AD /* DetailViewController.swift in Sources */,
				3DF7D61C2C346A3D00C950AD /* NetworkManager.swift in Sources */,
				3DF7D6452C36D44E00C950AD /* DetailView.swift in Sources */,
				3DF7D6322C3580E300C950AD /* HomeViewModel.swift in Sources */,
				3DF7D5F92C34675B00C950AD /* SceneDelegate.swift in Sources */,
				3DF7D6362C359C2800C950AD /* CryptoListCollectionViewCell.swift in Sources */,
				3DF7D6542C36EEDB00C950AD /* NavigationBarExtansion.swift in Sources */,
				3DF7D6212C346BC100C950AD /* CryptoResponse.swift in Sources */,
				3DF7D60F2C34688200C950AD /* HomeViewController.swift in Sources */,
				3DF7D61A2C3469DB00C950AD /* NetworkEndPointHelper.swift in Sources */,
			);
			runOnlyForDeploymentPostprocessing = 0;
		};
/* End PBXSourcesBuildPhase section */

/* Begin PBXVariantGroup section */
		3DF7D6042C34675D00C950AD /* LaunchScreen.storyboard */ = {
			isa = PBXVariantGroup;
			children = (
				3DF7D6052C34675D00C950AD /* Base */,
			);
			name = LaunchScreen.storyboard;
			sourceTree = "<group>";
		};
/* End PBXVariantGroup section */

/* Begin XCBuildConfiguration section */
		3DF7D6082C34675D00C950AD /* Debug */ = {
			isa = XCBuildConfiguration;
			buildSettings = {
				ALWAYS_SEARCH_USER_PATHS = NO;
				ASSETCATALOG_COMPILER_GENERATE_SWIFT_ASSET_SYMBOL_EXTENSIONS = YES;
				CLANG_ANALYZER_NONNULL = YES;
				CLANG_ANALYZER_NUMBER_OBJECT_CONVERSION = YES_AGGRESSIVE;
				CLANG_CXX_LANGUAGE_STANDARD = "gnu++20";
				CLANG_ENABLE_MODULES = YES;
				CLANG_ENABLE_OBJC_ARC = YES;
				CLANG_ENABLE_OBJC_WEAK = YES;
				CLANG_WARN_BLOCK_CAPTURE_AUTORELEASING = YES;
				CLANG_WARN_BOOL_CONVERSION = YES;
				CLANG_WARN_COMMA = YES;
				CLANG_WARN_CONSTANT_CONVERSION = YES;
				CLANG_WARN_DEPRECATED_OBJC_IMPLEMENTATIONS = YES;
				CLANG_WARN_DIRECT_OBJC_ISA_USAGE = YES_ERROR;
				CLANG_WARN_DOCUMENTATION_COMMENTS = YES;
				CLANG_WARN_EMPTY_BODY = YES;
				CLANG_WARN_ENUM_CONVERSION = YES;
				CLANG_WARN_INFINITE_RECURSION = YES;
				CLANG_WARN_INT_CONVERSION = YES;
				CLANG_WARN_NON_LITERAL_NULL_CONVERSION = YES;
				CLANG_WARN_OBJC_IMPLICIT_RETAIN_SELF = YES;
				CLANG_WARN_OBJC_LITERAL_CONVERSION = YES;
				CLANG_WARN_OBJC_ROOT_CLASS = YES_ERROR;
				CLANG_WARN_QUOTED_INCLUDE_IN_FRAMEWORK_HEADER = YES;
				CLANG_WARN_RANGE_LOOP_ANALYSIS = YES;
				CLANG_WARN_STRICT_PROTOTYPES = YES;
				CLANG_WARN_SUSPICIOUS_MOVE = YES;
				CLANG_WARN_UNGUARDED_AVAILABILITY = YES_AGGRESSIVE;
				CLANG_WARN_UNREACHABLE_CODE = YES;
				CLANG_WARN__DUPLICATE_METHOD_MATCH = YES;
				COPY_PHASE_STRIP = NO;
				DEBUG_INFORMATION_FORMAT = dwarf;
				ENABLE_STRICT_OBJC_MSGSEND = YES;
				ENABLE_TESTABILITY = YES;
				ENABLE_USER_SCRIPT_SANDBOXING = YES;
				GCC_C_LANGUAGE_STANDARD = gnu17;
				GCC_DYNAMIC_NO_PIC = NO;
				GCC_NO_COMMON_BLOCKS = YES;
				GCC_OPTIMIZATION_LEVEL = 0;
				GCC_PREPROCESSOR_DEFINITIONS = (
					"DEBUG=1",
					"$(inherited)",
				);
				GCC_WARN_64_TO_32_BIT_CONVERSION = YES;
				GCC_WARN_ABOUT_RETURN_TYPE = YES_ERROR;
				GCC_WARN_UNDECLARED_SELECTOR = YES;
				GCC_WARN_UNINITIALIZED_AUTOS = YES_AGGRESSIVE;
				GCC_WARN_UNUSED_FUNCTION = YES;
				GCC_WARN_UNUSED_VARIABLE = YES;
				IPHONEOS_DEPLOYMENT_TARGET = 15.0;
				LOCALIZATION_PREFERS_STRING_CATALOGS = YES;
				MTL_ENABLE_DEBUG_INFO = INCLUDE_SOURCE;
				MTL_FAST_MATH = YES;
				ONLY_ACTIVE_ARCH = YES;
				SDKROOT = iphoneos;
				SWIFT_ACTIVE_COMPILATION_CONDITIONS = "DEBUG $(inherited)";
				SWIFT_OPTIMIZATION_LEVEL = "-Onone";
			};
			name = Debug;
		};
		3DF7D6092C34675D00C950AD /* Release */ = {
			isa = XCBuildConfiguration;
			buildSettings = {
				ALWAYS_SEARCH_USER_PATHS = NO;
				ASSETCATALOG_COMPILER_GENERATE_SWIFT_ASSET_SYMBOL_EXTENSIONS = YES;
				CLANG_ANALYZER_NONNULL = YES;
				CLANG_ANALYZER_NUMBER_OBJECT_CONVERSION = YES_AGGRESSIVE;
				CLANG_CXX_LANGUAGE_STANDARD = "gnu++20";
				CLANG_ENABLE_MODULES = YES;
				CLANG_ENABLE_OBJC_ARC = YES;
				CLANG_ENABLE_OBJC_WEAK = YES;
				CLANG_WARN_BLOCK_CAPTURE_AUTORELEASING = YES;
				CLANG_WARN_BOOL_CONVERSION = YES;
				CLANG_WARN_COMMA = YES;
				CLANG_WARN_CONSTANT_CONVERSION = YES;
				CLANG_WARN_DEPRECATED_OBJC_IMPLEMENTATIONS = YES;
				CLANG_WARN_DIRECT_OBJC_ISA_USAGE = YES_ERROR;
				CLANG_WARN_DOCUMENTATION_COMMENTS = YES;
				CLANG_WARN_EMPTY_BODY = YES;
				CLANG_WARN_ENUM_CONVERSION = YES;
				CLANG_WARN_INFINITE_RECURSION = YES;
				CLANG_WARN_INT_CONVERSION = YES;
				CLANG_WARN_NON_LITERAL_NULL_CONVERSION = YES;
				CLANG_WARN_OBJC_IMPLICIT_RETAIN_SELF = YES;
				CLANG_WARN_OBJC_LITERAL_CONVERSION = YES;
				CLANG_WARN_OBJC_ROOT_CLASS = YES_ERROR;
				CLANG_WARN_QUOTED_INCLUDE_IN_FRAMEWORK_HEADER = YES;
				CLANG_WARN_RANGE_LOOP_ANALYSIS = YES;
				CLANG_WARN_STRICT_PROTOTYPES = YES;
				CLANG_WARN_SUSPICIOUS_MOVE = YES;
				CLANG_WARN_UNGUARDED_AVAILABILITY = YES_AGGRESSIVE;
				CLANG_WARN_UNREACHABLE_CODE = YES;
				CLANG_WARN__DUPLICATE_METHOD_MATCH = YES;
				COPY_PHASE_STRIP = NO;
				DEBUG_INFORMATION_FORMAT = "dwarf-with-dsym";
				ENABLE_NS_ASSERTIONS = NO;
				ENABLE_STRICT_OBJC_MSGSEND = YES;
				ENABLE_USER_SCRIPT_SANDBOXING = YES;
				GCC_C_LANGUAGE_STANDARD = gnu17;
				GCC_NO_COMMON_BLOCKS = YES;
				GCC_WARN_64_TO_32_BIT_CONVERSION = YES;
				GCC_WARN_ABOUT_RETURN_TYPE = YES_ERROR;
				GCC_WARN_UNDECLARED_SELECTOR = YES;
				GCC_WARN_UNINITIALIZED_AUTOS = YES_AGGRESSIVE;
				GCC_WARN_UNUSED_FUNCTION = YES;
				GCC_WARN_UNUSED_VARIABLE = YES;
				IPHONEOS_DEPLOYMENT_TARGET = 15.0;
				LOCALIZATION_PREFERS_STRING_CATALOGS = YES;
				MTL_ENABLE_DEBUG_INFO = NO;
				MTL_FAST_MATH = YES;
				SDKROOT = iphoneos;
				SWIFT_COMPILATION_MODE = wholemodule;
				VALIDATE_PRODUCT = YES;
			};
			name = Release;
		};
		3DF7D60B2C34675D00C950AD /* Debug */ = {
			isa = XCBuildConfiguration;
			buildSettings = {
				ASSETCATALOG_COMPILER_APPICON_NAME = AppIcon;
				ASSETCATALOG_COMPILER_GLOBAL_ACCENT_COLOR_NAME = AccentColor;
				CODE_SIGN_STYLE = Automatic;
				CURRENT_PROJECT_VERSION = 1;
				DEVELOPMENT_TEAM = 628PNWMZP5;
				GENERATE_INFOPLIST_FILE = YES;
				INFOPLIST_FILE = "cryptoApp-TurkcellGY/App/Info.plist";
				INFOPLIST_KEY_UIApplicationSupportsIndirectInputEvents = YES;
				INFOPLIST_KEY_UILaunchStoryboardName = LaunchScreen;
				INFOPLIST_KEY_UISupportedInterfaceOrientations_iPad = "UIInterfaceOrientationPortrait UIInterfaceOrientationPortraitUpsideDown UIInterfaceOrientationLandscapeLeft UIInterfaceOrientationLandscapeRight";
				INFOPLIST_KEY_UISupportedInterfaceOrientations_iPhone = "UIInterfaceOrientationPortrait UIInterfaceOrientationLandscapeLeft UIInterfaceOrientationLandscapeRight";
				LD_RUNPATH_SEARCH_PATHS = (
					"$(inherited)",
					"@executable_path/Frameworks",
				);
				MARKETING_VERSION = 1.0;
				PRODUCT_BUNDLE_IDENTIFIER = "com.alkanfatih.cryptoApp-TurkcellGY";
				PRODUCT_NAME = "$(TARGET_NAME)";
				SWIFT_EMIT_LOC_STRINGS = YES;
				SWIFT_VERSION = 5.0;
				TARGETED_DEVICE_FAMILY = "1,2";
			};
			name = Debug;
		};
		3DF7D60C2C34675D00C950AD /* Release */ = {
			isa = XCBuildConfiguration;
			buildSettings = {
				ASSETCATALOG_COMPILER_APPICON_NAME = AppIcon;
				ASSETCATALOG_COMPILER_GLOBAL_ACCENT_COLOR_NAME = AccentColor;
				CODE_SIGN_STYLE = Automatic;
				CURRENT_PROJECT_VERSION = 1;
				DEVELOPMENT_TEAM = 628PNWMZP5;
				GENERATE_INFOPLIST_FILE = YES;
				INFOPLIST_FILE = "cryptoApp-TurkcellGY/App/Info.plist";
				INFOPLIST_KEY_UIApplicationSupportsIndirectInputEvents = YES;
				INFOPLIST_KEY_UILaunchStoryboardName = LaunchScreen;
				INFOPLIST_KEY_UISupportedInterfaceOrientations_iPad = "UIInterfaceOrientationPortrait UIInterfaceOrientationPortraitUpsideDown UIInterfaceOrientationLandscapeLeft UIInterfaceOrientationLandscapeRight";
				INFOPLIST_KEY_UISupportedInterfaceOrientations_iPhone = "UIInterfaceOrientationPortrait UIInterfaceOrientationLandscapeLeft UIInterfaceOrientationLandscapeRight";
				LD_RUNPATH_SEARCH_PATHS = (
					"$(inherited)",
					"@executable_path/Frameworks",
				);
				MARKETING_VERSION = 1.0;
				PRODUCT_BUNDLE_IDENTIFIER = "com.alkanfatih.cryptoApp-TurkcellGY";
				PRODUCT_NAME = "$(TARGET_NAME)";
				SWIFT_EMIT_LOC_STRINGS = YES;
				SWIFT_VERSION = 5.0;
				TARGETED_DEVICE_FAMILY = "1,2";
			};
			name = Release;
		};
/* End XCBuildConfiguration section */

/* Begin XCConfigurationList section */
		3DF7D5EE2C34675B00C950AD /* Build configuration list for PBXProject "cryptoApp-TurkcellGY" */ = {
			isa = XCConfigurationList;
			buildConfigurations = (
				3DF7D6082C34675D00C950AD /* Debug */,
				3DF7D6092C34675D00C950AD /* Release */,
			);
			defaultConfigurationIsVisible = 0;
			defaultConfigurationName = Release;
		};
		3DF7D60A2C34675D00C950AD /* Build configuration list for PBXNativeTarget "cryptoApp-TurkcellGY" */ = {
			isa = XCConfigurationList;
			buildConfigurations = (
				3DF7D60B2C34675D00C950AD /* Debug */,
				3DF7D60C2C34675D00C950AD /* Release */,
			);
			defaultConfigurationIsVisible = 0;
			defaultConfigurationName = Release;
		};
/* End XCConfigurationList section */

/* Begin XCRemoteSwiftPackageReference section */
		3DF7D61D2C346A5F00C950AD /* XCRemoteSwiftPackageReference "Alamofire" */ = {
			isa = XCRemoteSwiftPackageReference;
			repositoryURL = "https://github.com/Alamofire/Alamofire";
			requirement = {
				kind = upToNextMajorVersion;
				minimumVersion = 5.9.1;
			};
		};
		3DF7D63C2C35CEC900C950AD /* XCRemoteSwiftPackageReference "Kingfisher" */ = {
			isa = XCRemoteSwiftPackageReference;
			repositoryURL = "https://github.com/onevcat/Kingfisher.git";
			requirement = {
				kind = upToNextMajorVersion;
				minimumVersion = 7.12.0;
			};
		};
		3DF7D64F2C36EC4D00C950AD /* XCRemoteSwiftPackageReference "Charts" */ = {
			isa = XCRemoteSwiftPackageReference;
			repositoryURL = "https://github.com/ChartsOrg/Charts.git";
			requirement = {
				kind = upToNextMajorVersion;
				minimumVersion = 5.1.0;
			};
		};
/* End XCRemoteSwiftPackageReference section */

/* Begin XCSwiftPackageProductDependency section */
		3DF7D61E2C346A5F00C950AD /* Alamofire */ = {
			isa = XCSwiftPackageProductDependency;
			package = 3DF7D61D2C346A5F00C950AD /* XCRemoteSwiftPackageReference "Alamofire" */;
			productName = Alamofire;
		};
		3DF7D63D2C35CEC900C950AD /* Kingfisher */ = {
			isa = XCSwiftPackageProductDependency;
			package = 3DF7D63C2C35CEC900C950AD /* XCRemoteSwiftPackageReference "Kingfisher" */;
			productName = Kingfisher;
		};
		3DF7D6502C36EC4D00C950AD /* DGCharts */ = {
			isa = XCSwiftPackageProductDependency;
			package = 3DF7D64F2C36EC4D00C950AD /* XCRemoteSwiftPackageReference "Charts" */;
			productName = DGCharts;
		};
/* End XCSwiftPackageProductDependency section */

/* Begin XCVersionGroup section */
		3DF7D5FF2C34675B00C950AD /* cryptoApp_TurkcellGY.xcdatamodeld */ = {
			isa = XCVersionGroup;
			children = (
				3DF7D6002C34675B00C950AD /* cryptoApp_TurkcellGY.xcdatamodel */,
			);
			currentVersion = 3DF7D6002C34675B00C950AD /* cryptoApp_TurkcellGY.xcdatamodel */;
			path = cryptoApp_TurkcellGY.xcdatamodeld;
			sourceTree = "<group>";
			versionGroupType = wrapper.xcdatamodel;
		};
/* End XCVersionGroup section */
	};
	rootObject = 3DF7D5EB2C34675B00C950AD /* Project object */;
}
